// !$*UTF8*$!
{
	archiveVersion = 1;
	classes = {
	};
	objectVersion = 46;
	objects = {

/* Begin PBXBuildFile section */
		8405FE6C1E25C35A00A57E3B /* main.m in Sources */ = {isa = PBXBuildFile; fileRef = 8405FE6B1E25C35A00A57E3B /* main.m */; };
		8405FE6F1E25C35A00A57E3B /* AppDelegate.m in Sources */ = {isa = PBXBuildFile; fileRef = 8405FE6E1E25C35A00A57E3B /* AppDelegate.m */; };
		8405FE721E25C35A00A57E3B /* ViewController.m in Sources */ = {isa = PBXBuildFile; fileRef = 8405FE711E25C35A00A57E3B /* ViewController.m */; };
		8405FE751E25C35B00A57E3B /* Main.storyboard in Resources */ = {isa = PBXBuildFile; fileRef = 8405FE731E25C35B00A57E3B /* Main.storyboard */; };
		8405FE771E25C35B00A57E3B /* Assets.xcassets in Resources */ = {isa = PBXBuildFile; fileRef = 8405FE761E25C35B00A57E3B /* Assets.xcassets */; };
		8405FE7A1E25C35B00A57E3B /* LaunchScreen.storyboard in Resources */ = {isa = PBXBuildFile; fileRef = 8405FE781E25C35B00A57E3B /* LaunchScreen.storyboard */; };
		8405FE851E25C35B00A57E3B /* comparePerformaceTests.m in Sources */ = {isa = PBXBuildFile; fileRef = 8405FE841E25C35B00A57E3B /* comparePerformaceTests.m */; };
		8405FE901E25C35B00A57E3B /* comparePerformaceUITests.m in Sources */ = {isa = PBXBuildFile; fileRef = 8405FE8F1E25C35B00A57E3B /* comparePerformaceUITests.m */; };
/* End PBXBuildFile section */

/* Begin PBXContainerItemProxy section */
		8405FE811E25C35B00A57E3B /* PBXContainerItemProxy */ = {
			isa = PBXContainerItemProxy;
			containerPortal = 8405FE5F1E25C35A00A57E3B /* Project object */;
			proxyType = 1;
			remoteGlobalIDString = 8405FE661E25C35A00A57E3B;
			remoteInfo = comparePerformace;
		};
		8405FE8C1E25C35B00A57E3B /* PBXContainerItemProxy */ = {
			isa = PBXContainerItemProxy;
			containerPortal = 8405FE5F1E25C35A00A57E3B /* Project object */;
			proxyType = 1;
			remoteGlobalIDString = 8405FE661E25C35A00A57E3B;
			remoteInfo = comparePerformace;
		};
/* End PBXContainerItemProxy section */

/* Begin PBXFileReference section */
		8405FE671E25C35A00A57E3B /* comparePerformace.app */ = {isa = PBXFileReference; explicitFileType = wrapper.application; includeInIndex = 0; path = comparePerformace.app; sourceTree = BUILT_PRODUCTS_DIR; };
		8405FE6B1E25C35A00A57E3B /* main.m */ = {isa = PBXFileReference; lastKnownFileType = sourcecode.c.objc; path = main.m; sourceTree = "<group>"; };
		8405FE6D1E25C35A00A57E3B /* AppDelegate.h */ = {isa = PBXFileReference; lastKnownFileType = sourcecode.c.h; path = AppDelegate.h; sourceTree = "<group>"; };
		8405FE6E1E25C35A00A57E3B /* AppDelegate.m */ = {isa = PBXFileReference; lastKnownFileType = sourcecode.c.objc; path = AppDelegate.m; sourceTree = "<group>"; };
		8405FE701E25C35A00A57E3B /* ViewController.h */ = {isa = PBXFileReference; lastKnownFileType = sourcecode.c.h; path = ViewController.h; sourceTree = "<group>"; };
		8405FE711E25C35A00A57E3B /* ViewController.m */ = {isa = PBXFileReference; lastKnownFileType = sourcecode.c.objc; path = ViewController.m; sourceTree = "<group>"; };
		8405FE741E25C35B00A57E3B /* Base */ = {isa = PBXFileReference; lastKnownFileType = file.storyboard; name = Base; path = Base.lproj/Main.storyboard; sourceTree = "<group>"; };
		8405FE761E25C35B00A57E3B /* Assets.xcassets */ = {isa = PBXFileReference; lastKnownFileType = folder.assetcatalog; path = Assets.xcassets; sourceTree = "<group>"; };
		8405FE791E25C35B00A57E3B /* Base */ = {isa = PBXFileReference; lastKnownFileType = file.storyboard; name = Base; path = Base.lproj/LaunchScreen.storyboard; sourceTree = "<group>"; };
		8405FE7B1E25C35B00A57E3B /* Info.plist */ = {isa = PBXFileReference; lastKnownFileType = text.plist.xml; path = Info.plist; sourceTree = "<group>"; };
		8405FE801E25C35B00A57E3B /* comparePerformaceTests.xctest */ = {isa = PBXFileReference; explicitFileType = wrapper.cfbundle; includeInIndex = 0; path = comparePerformaceTests.xctest; sourceTree = BUILT_PRODUCTS_DIR; };
		8405FE841E25C35B00A57E3B /* comparePerformaceTests.m */ = {isa = PBXFileReference; lastKnownFileType = sourcecode.c.objc; path = comparePerformaceTests.m; sourceTree = "<group>"; };
		8405FE861E25C35B00A57E3B /* Info.plist */ = {isa = PBXFileReference; lastKnownFileType = text.plist.xml; path = Info.plist; sourceTree = "<group>"; };
		8405FE8B1E25C35B00A57E3B /* comparePerformaceUITests.xctest */ = {isa = PBXFileReference; explicitFileType = wrapper.cfbundle; includeInIndex = 0; path = comparePerformaceUITests.xctest; sourceTree = BUILT_PRODUCTS_DIR; };
		8405FE8F1E25C35B00A57E3B /* comparePerformaceUITests.m */ = {isa = PBXFileReference; lastKnownFileType = sourcecode.c.objc; path = comparePerformaceUITests.m; sourceTree = "<group>"; };
		8405FE911E25C35B00A57E3B /* Info.plist */ = {isa = PBXFileReference; lastKnownFileType = text.plist.xml; path = Info.plist; sourceTree = "<group>"; };
/* End PBXFileReference section */

/* Begin PBXFrameworksBuildPhase section */
		8405FE641E25C35A00A57E3B /* Frameworks */ = {
			isa = PBXFrameworksBuildPhase;
			buildActionMask = 2147483647;
			files = (
			);
			runOnlyForDeploymentPostprocessing = 0;
		};
		8405FE7D1E25C35B00A57E3B /* Frameworks */ = {
			isa = PBXFrameworksBuildPhase;
			buildActionMask = 2147483647;
			files = (
			);
			runOnlyForDeploymentPostprocessing = 0;
		};
		8405FE881E25C35B00A57E3B /* Frameworks */ = {
			isa = PBXFrameworksBuildPhase;
			buildActionMask = 2147483647;
			files = (
			);
			runOnlyForDeploymentPostprocessing = 0;
		};
/* End PBXFrameworksBuildPhase section */

/* Begin PBXGroup section */
		8405FE5E1E25C35A00A57E3B = {
			isa = PBXGroup;
			children = (
				8405FE691E25C35A00A57E3B /* comparePerformace */,
				8405FE831E25C35B00A57E3B /* comparePerformaceTests */,
				8405FE8E1E25C35B00A57E3B /* comparePerformaceUITests */,
				8405FE681E25C35A00A57E3B /* Products */,
			);
			sourceTree = "<group>";
		};
		8405FE681E25C35A00A57E3B /* Products */ = {
			isa = PBXGroup;
			children = (
				8405FE671E25C35A00A57E3B /* comparePerformace.app */,
				8405FE801E25C35B00A57E3B /* comparePerformaceTests.xctest */,
				8405FE8B1E25C35B00A57E3B /* comparePerformaceUITests.xctest */,
			);
			name = Products;
			sourceTree = "<group>";
		};
		8405FE691E25C35A00A57E3B /* comparePerformace */ = {
			isa = PBXGroup;
			children = (
				8405FE6D1E25C35A00A57E3B /* AppDelegate.h */,
				8405FE6E1E25C35A00A57E3B /* AppDelegate.m */,
				8405FE701E25C35A00A57E3B /* ViewController.h */,
				8405FE711E25C35A00A57E3B /* ViewController.m */,
				8405FE731E25C35B00A57E3B /* Main.storyboard */,
				8405FE761E25C35B00A57E3B /* Assets.xcassets */,
				8405FE781E25C35B00A57E3B /* LaunchScreen.storyboard */,
				8405FE7B1E25C35B00A57E3B /* Info.plist */,
				8405FE6A1E25C35A00A57E3B /* Supporting Files */,
			);
			path = comparePerformace;
			sourceTree = "<group>";
		};
		8405FE6A1E25C35A00A57E3B /* Supporting Files */ = {
			isa = PBXGroup;
			children = (
				8405FE6B1E25C35A00A57E3B /* main.m */,
			);
			name = "Supporting Files";
			sourceTree = "<group>";
		};
		8405FE831E25C35B00A57E3B /* comparePerformaceTests */ = {
			isa = PBXGroup;
			children = (
				8405FE841E25C35B00A57E3B /* comparePerformaceTests.m */,
				8405FE861E25C35B00A57E3B /* Info.plist */,
			);
			path = comparePerformaceTests;
			sourceTree = "<group>";
		};
		8405FE8E1E25C35B00A57E3B /* comparePerformaceUITests */ = {
			isa = PBXGroup;
			children = (
				8405FE8F1E25C35B00A57E3B /* comparePerformaceUITests.m */,
				8405FE911E25C35B00A57E3B /* Info.plist */,
			);
			path = comparePerformaceUITests;
			sourceTree = "<group>";
		};
/* End PBXGroup section */

/* Begin PBXNativeTarget section */
		8405FE661E25C35A00A57E3B /* comparePerformace */ = {
			isa = PBXNativeTarget;
			buildConfigurationList = 8405FE941E25C35B00A57E3B /* Build configuration list for PBXNativeTarget "comparePerformace" */;
			buildPhases = (
				8405FE631E25C35A00A57E3B /* Sources */,
				8405FE641E25C35A00A57E3B /* Frameworks */,
				8405FE651E25C35A00A57E3B /* Resources */,
			);
			buildRules = (
			);
			dependencies = (
			);
			name = comparePerformace;
			productName = comparePerformace;
			productReference = 8405FE671E25C35A00A57E3B /* comparePerformace.app */;
			productType = "com.apple.product-type.application";
		};
		8405FE7F1E25C35B00A57E3B /* comparePerformaceTests */ = {
			isa = PBXNativeTarget;
			buildConfigurationList = 8405FE971E25C35B00A57E3B /* Build configuration list for PBXNativeTarget "comparePerformaceTests" */;
			buildPhases = (
				8405FE7C1E25C35B00A57E3B /* Sources */,
				8405FE7D1E25C35B00A57E3B /* Frameworks */,
				8405FE7E1E25C35B00A57E3B /* Resources */,
			);
			buildRules = (
			);
			dependencies = (
				8405FE821E25C35B00A57E3B /* PBXTargetDependency */,
			);
			name = comparePerformaceTests;
			productName = comparePerformaceTests;
			productReference = 8405FE801E25C35B00A57E3B /* comparePerformaceTests.xctest */;
			productType = "com.apple.product-type.bundle.unit-test";
		};
		8405FE8A1E25C35B00A57E3B /* comparePerformaceUITests */ = {
			isa = PBXNativeTarget;
			buildConfigurationList = 8405FE9A1E25C35B00A57E3B /* Build configuration list for PBXNativeTarget "comparePerformaceUITests" */;
			buildPhases = (
				8405FE871E25C35B00A57E3B /* Sources */,
				8405FE881E25C35B00A57E3B /* Frameworks */,
				8405FE891E25C35B00A57E3B /* Resources */,
			);
			buildRules = (
			);
			dependencies = (
				8405FE8D1E25C35B00A57E3B /* PBXTargetDependency */,
			);
			name = comparePerformaceUITests;
			productName = comparePerformaceUITests;
			productReference = 8405FE8B1E25C35B00A57E3B /* comparePerformaceUITests.xctest */;
			productType = "com.apple.product-type.bundle.ui-testing";
		};
/* End PBXNativeTarget section */

/* Begin PBXProject section */
		8405FE5F1E25C35A00A57E3B /* Project object */ = {
			isa = PBXProject;
			attributes = {
				LastUpgradeCheck = 0730;
				ORGANIZATIONNAME = admin;
				TargetAttributes = {
					8405FE661E25C35A00A57E3B = {
						CreatedOnToolsVersion = 7.3.1;
					};
					8405FE7F1E25C35B00A57E3B = {
						CreatedOnToolsVersion = 7.3.1;
						TestTargetID = 8405FE661E25C35A00A57E3B;
					};
					8405FE8A1E25C35B00A57E3B = {
						CreatedOnToolsVersion = 7.3.1;
						TestTargetID = 8405FE661E25C35A00A57E3B;
					};
				};
			};
			buildConfigurationList = 8405FE621E25C35A00A57E3B /* Build configuration list for PBXProject "comparePerformace" */;
			compatibilityVersion = "Xcode 3.2";
			developmentRegion = English;
			hasScannedForEncodings = 0;
			knownRegions = (
				en,
				Base,
			);
			mainGroup = 8405FE5E1E25C35A00A57E3B;
			productRefGroup = 8405FE681E25C35A00A57E3B /* Products */;
			projectDirPath = "";
			projectRoot = "";
			targets = (
				8405FE661E25C35A00A57E3B /* comparePerformace */,
				8405FE7F1E25C35B00A57E3B /* comparePerformaceTests */,
				8405FE8A1E25C35B00A57E3B /* comparePerformaceUITests */,
			);
		};
/* End PBXProject section */

/* Begin PBXResourcesBuildPhase section */
		8405FE651E25C35A00A57E3B /* Resources */ = {
			isa = PBXResourcesBuildPhase;
			buildActionMask = 2147483647;
			files = (
				8405FE7A1E25C35B00A57E3B /* LaunchScreen.storyboard in Resources */,
				8405FE771E25C35B00A57E3B /* Assets.xcassets in Resources */,
				8405FE751E25C35B00A57E3B /* Main.storyboard in Resources */,
			);
			runOnlyForDeploymentPostprocessing = 0;
		};
		8405FE7E1E25C35B00A57E3B /* Resources */ = {
			isa = PBXResourcesBuildPhase;
			buildActionMask = 2147483647;
			files = (
			);
			runOnlyForDeploymentPostprocessing = 0;
		};
		8405FE891E25C35B00A57E3B /* Resources */ = {
			isa = PBXResourcesBuildPhase;
			buildActionMask = 2147483647;
			files = (
			);
			runOnlyForDeploymentPostprocessing = 0;
		};
/* End PBXResourcesBuildPhase section */

/* Begin PBXSourcesBuildPhase section */
		8405FE631E25C35A00A57E3B /* Sources */ = {
			isa = PBXSourcesBuildPhase;
			buildActionMask = 2147483647;
			files = (
				8405FE721E25C35A00A57E3B /* ViewController.m in Sources */,
				8405FE6F1E25C35A00A57E3B /* AppDelegate.m in Sources */,
				8405FE6C1E25C35A00A57E3B /* main.m in Sources */,
			);
			runOnlyForDeploymentPostprocessing = 0;
		};
		8405FE7C1E25C35B00A57E3B /* Sources */ = {
			isa = PBXSourcesBuildPhase;
			buildActionMask = 2147483647;
			files = (
				8405FE851E25C35B00A57E3B /* comparePerformaceTests.m in Sources */,
			);
			runOnlyForDeploymentPostprocessing = 0;
		};
		8405FE871E25C35B00A57E3B /* Sources */ = {
			isa = PBXSourcesBuildPhase;
			buildActionMask = 2147483647;
			files = (
				8405FE901E25C35B00A57E3B /* comparePerformaceUITests.m in Sources */,
			);
			runOnlyForDeploymentPostprocessing = 0;
		};
/* End PBXSourcesBuildPhase section */

/* Begin PBXTargetDependency section */
		8405FE821E25C35B00A57E3B /* PBXTargetDependency */ = {
			isa = PBXTargetDependency;
			target = 8405FE661E25C35A00A57E3B /* comparePerformace */;
			targetProxy = 8405FE811E25C35B00A57E3B /* PBXContainerItemProxy */;
		};
		8405FE8D1E25C35B00A57E3B /* PBXTargetDependency */ = {
			isa = PBXTargetDependency;
			target = 8405FE661E25C35A00A57E3B /* comparePerformace */;
			targetProxy = 8405FE8C1E25C35B00A57E3B /* PBXContainerItemProxy */;
		};
/* End PBXTargetDependency section */

/* Begin PBXVariantGroup section */
		8405FE731E25C35B00A57E3B /* Main.storyboard */ = {
			isa = PBXVariantGroup;
			children = (
				8405FE741E25C35B00A57E3B /* Base */,
			);
			name = Main.storyboard;
			sourceTree = "<group>";
		};
		8405FE781E25C35B00A57E3B /* LaunchScreen.storyboard */ = {
			isa = PBXVariantGroup;
			children = (
				8405FE791E25C35B00A57E3B /* Base */,
			);
			name = LaunchScreen.storyboard;
			sourceTree = "<group>";
		};
/* End PBXVariantGroup section */

/* Begin XCBuildConfiguration section */
		8405FE921E25C35B00A57E3B /* Debug */ = {
			isa = XCBuildConfiguration;
			buildSettings = {
				ALWAYS_SEARCH_USER_PATHS = NO;
				CLANG_ANALYZER_NONNULL = YES;
				CLANG_CXX_LANGUAGE_STANDARD = "gnu++0x";
				CLANG_CXX_LIBRARY = "libc++";
				CLANG_ENABLE_MODULES = YES;
				CLANG_ENABLE_OBJC_ARC = YES;
				CLANG_WARN_BOOL_CONVERSION = YES;
				CLANG_WARN_CONSTANT_CONVERSION = YES;
				CLANG_WARN_DIRECT_OBJC_ISA_USAGE = YES_ERROR;
				CLANG_WARN_EMPTY_BODY = YES;
				CLANG_WARN_ENUM_CONVERSION = YES;
				CLANG_WARN_INT_CONVERSION = YES;
				CLANG_WARN_OBJC_ROOT_CLASS = YES_ERROR;
				CLANG_WARN_UNREACHABLE_CODE = YES;
				CLANG_WARN__DUPLICATE_METHOD_MATCH = YES;
				"CODE_SIGN_IDENTITY[sdk=iphoneos*]" = "iPhone Developer";
				COPY_PHASE_STRIP = NO;
				DEBUG_INFORMATION_FORMAT = dwarf;
				ENABLE_STRICT_OBJC_MSGSEND = YES;
				ENABLE_TESTABILITY = YES;
				GCC_C_LANGUAGE_STANDARD = gnu99;
				GCC_DYNAMIC_NO_PIC = NO;
				GCC_NO_COMMON_BLOCKS = YES;
				GCC_OPTIMIZATION_LEVEL = 0;
				GCC_PREPROCESSOR_DEFINITIONS = (
					"DEBUG=1",
					"$(inherited)",
				);
				GCC_WARN_64_TO_32_BIT_CONVERSION = YES;
				GCC_WARN_ABOUT_RETURN_TYPE = YES_ERROR;
				GCC_WARN_UNDECLARED_SELECTOR = YES;
				GCC_WARN_UNINITIALIZED_AUTOS = YES_AGGRESSIVE;
				GCC_WARN_UNUSED_FUNCTION = YES;
				GCC_WARN_UNUSED_VARIABLE = YES;
				IPHONEOS_DEPLOYMENT_TARGET = 9.3;
				MTL_ENABLE_DEBUG_INFO = YES;
				ONLY_ACTIVE_ARCH = YES;
				SDKROOT = iphoneos;
				TARGETED_DEVICE_FAMILY = "1,2";
			};
			name = Debug;
		};
		8405FE931E25C35B00A57E3B /* Release */ = {
			isa = XCBuildConfiguration;
			buildSettings = {
				ALWAYS_SEARCH_USER_PATHS = NO;
				CLANG_ANALYZER_NONNULL = YES;
				CLANG_CXX_LANGUAGE_STANDARD = "gnu++0x";
				CLANG_CXX_LIBRARY = "libc++";
				CLANG_ENABLE_MODULES = YES;
				CLANG_ENABLE_OBJC_ARC = YES;
				CLANG_WARN_BOOL_CONVERSION = YES;
				CLANG_WARN_CONSTANT_CONVERSION = YES;
				CLANG_WARN_DIRECT_OBJC_ISA_USAGE = YES_ERROR;
				CLANG_WARN_EMPTY_BODY = YES;
				CLANG_WARN_ENUM_CONVERSION = YES;
				CLANG_WARN_INT_CONVERSION = YES;
				CLANG_WARN_OBJC_ROOT_CLASS = YES_ERROR;
				CLANG_WARN_UNREACHABLE_CODE = YES;
				CLANG_WARN__DUPLICATE_METHOD_MATCH = YES;
				"CODE_SIGN_IDENTITY[sdk=iphoneos*]" = "iPhone Developer";
				COPY_PHASE_STRIP = NO;
				DEBUG_INFORMATION_FORMAT = "dwarf-with-dsym";
				ENABLE_NS_ASSERTIONS = NO;
				ENABLE_STRICT_OBJC_MSGSEND = YES;
				GCC_C_LANGUAGE_STANDARD = gnu99;
				GCC_NO_COMMON_BLOCKS = YES;
				GCC_WARN_64_TO_32_BIT_CONVERSION = YES;
				GCC_WARN_ABOUT_RETURN_TYPE = YES_ERROR;
				GCC_WARN_UNDECLARED_SELECTOR = YES;
				GCC_WARN_UNINITIALIZED_AUTOS = YES_AGGRESSIVE;
				GCC_WARN_UNUSED_FUNCTION = YES;
				GCC_WARN_UNUSED_VARIABLE = YES;
				IPHONEOS_DEPLOYMENT_TARGET = 9.3;
				MTL_ENABLE_DEBUG_INFO = NO;
				SDKROOT = iphoneos;
				TARGETED_DEVICE_FAMILY = "1,2";
				VALIDATE_PRODUCT = YES;
			};
			name = Release;
		};
		8405FE951E25C35B00A57E3B /* Debug */ = {
			isa = XCBuildConfiguration;
			buildSettings = {
				ASSETCATALOG_COMPILER_APPICON_NAME = AppIcon;
				INFOPLIST_FILE = comparePerformace/Info.plist;
				LD_RUNPATH_SEARCH_PATHS = "$(inherited) @executable_path/Frameworks";
				PRODUCT_BUNDLE_IDENTIFIER = mapeng.comparePerformace;
				PRODUCT_NAME = "$(TARGET_NAME)";
			};
			name = Debug;
		};
		8405FE961E25C35B00A57E3B /* Release */ = {
			isa = XCBuildConfiguration;
			buildSettings = {
				ASSETCATALOG_COMPILER_APPICON_NAME = AppIcon;
				INFOPLIST_FILE = comparePerformace/Info.plist;
				LD_RUNPATH_SEARCH_PATHS = "$(inherited) @executable_path/Frameworks";
				PRODUCT_BUNDLE_IDENTIFIER = mapeng.comparePerformace;
				PRODUCT_NAME = "$(TARGET_NAME)";
			};
			name = Release;
		};
		8405FE981E25C35B00A57E3B /* Debug */ = {
			isa = XCBuildConfiguration;
			buildSettings = {
				BUNDLE_LOADER = "$(TEST_HOST)";
				INFOPLIST_FILE = comparePerformaceTests/Info.plist;
				LD_RUNPATH_SEARCH_PATHS = "$(inherited) @executable_path/Frameworks @loader_path/Frameworks";
				PRODUCT_BUNDLE_IDENTIFIER = mapeng.comparePerformaceTests;
				PRODUCT_NAME = "$(TARGET_NAME)";
				TEST_HOST = "$(BUILT_PRODUCTS_DIR)/comparePerformace.app/comparePerformace";
			};
			name = Debug;
		};
		8405FE991E25C35B00A57E3B /* Release */ = {
			isa = XCBuildConfiguration;
			buildSettings = {
				BUNDLE_LOADER = "$(TEST_HOST)";
				INFOPLIST_FILE = comparePerformaceTests/Info.plist;
				LD_RUNPATH_SEARCH_PATHS = "$(inherited) @executable_path/Frameworks @loader_path/Frameworks";
				PRODUCT_BUNDLE_IDENTIFIER = mapeng.comparePerformaceTests;
				PRODUCT_NAME = "$(TARGET_NAME)";
				TEST_HOST = "$(BUILT_PRODUCTS_DIR)/comparePerformace.app/comparePerformace";
			};
			name = Release;
		};
		8405FE9B1E25C35B00A57E3B /* Debug */ = {
			isa = XCBuildConfiguration;
			buildSettings = {
				INFOPLIST_FILE = comparePerformaceUITests/Info.plist;
				LD_RUNPATH_SEARCH_PATHS = "$(inherited) @executable_path/Frameworks @loader_path/Frameworks";
				PRODUCT_BUNDLE_IDENTIFIER = mapeng.comparePerformaceUITests;
				PRODUCT_NAME = "$(TARGET_NAME)";
				TEST_TARGET_NAME = comparePerformace;
			};
			name = Debug;
		};
		8405FE9C1E25C35B00A57E3B /* Release */ = {
			isa = XCBuildConfiguration;
			buildSettings = {
				INFOPLIST_FILE = comparePerformaceUITests/Info.plist;
				LD_RUNPATH_SEARCH_PATHS = "$(inherited) @executable_path/Frameworks @loader_path/Frameworks";
				PRODUCT_BUNDLE_IDENTIFIER = mapeng.comparePerformaceUITests;
				PRODUCT_NAME = "$(TARGET_NAME)";
				TEST_TARGET_NAME = comparePerformace;
			};
			name = Release;
		};
/* End XCBuildConfiguration section */

/* Begin XCConfigurationList section */
		8405FE621E25C35A00A57E3B /* Build configuration list for PBXProject "comparePerformace" */ = {
			isa = XCConfigurationList;
			buildConfigurations = (
				8405FE921E25C35B00A57E3B /* Debug */,
				8405FE931E25C35B00A57E3B /* Release */,
			);
			defaultConfigurationIsVisible = 0;
			defaultConfigurationName = Release;
		};
		8405FE941E25C35B00A57E3B /* Build configuration list for PBXNativeTarget "comparePerformace" */ = {
			isa = XCConfigurationList;
			buildConfigurations = (
				8405FE951E25C35B00A57E3B /* Debug */,
				8405FE961E25C35B00A57E3B /* Release */,
			);
			defaultConfigurationIsVisible = 0;
		};
		8405FE971E25C35B00A57E3B /* Build configuration list for PBXNativeTarget "comparePerformaceTests" */ = {
			isa = XCConfigurationList;
			buildConfigurations = (
				8405FE981E25C35B00A57E3B /* Debug */,
				8405FE991E25C35B00A57E3B /* Release */,
			);
			defaultConfigurationIsVisible = 0;
		};
		8405FE9A1E25C35B00A57E3B /* Build configuration list for PBXNativeTarget "comparePerformaceUITests" */ = {
			isa = XCConfigurationList;
			buildConfigurations = (
				8405FE9B1E25C35B00A57E3B /* Debug */,
				8405FE9C1E25C35B00A57E3B /* Release */,
			);
			defaultConfigurationIsVisible = 0;
		};
/* End XCConfigurationList section */
	};
	rootObject = 8405FE5F1E25C35A00A57E3B /* Project object */;
}
